
Microsoft Visual Studio Solution File, Format Version 12.00
# Visual Studio Version 17
VisualStudioVersion = 17.7.34009.444
MinimumVisualStudioVersion = 10.0.40219.1
Project("{FAE04EC0-301F-11D3-BF4B-00C04F79EFBC}") = "Custom Response", "Custom Response\Custom Response.csproj", "{F321BD0B-7A61-4CBA-860F-3645F910C9FF}"
EndProject
Global
	GlobalSection(SolutionConfigurationPlatforms) = preSolution
		Debug|Any CPU = Debug|Any CPU
		Release|Any CPU = Release|Any CPU
	EndGlobalSection
	GlobalSection(ProjectConfigurationPlatforms) = postSolution
		{F321BD0B-7A61-4CBA-860F-3645F910C9FF}.Debug|Any CPU.ActiveCfg = Debug|Any CPU
		{F321BD0B-7A61-4CBA-860F-3645F910C9FF}.Debug|Any CPU.Build.0 = Debug|Any CPU
		{F321BD0B-7A61-4CBA-860F-3645F910C9FF}.Release|Any CPU.ActiveCfg = Release|Any CPU
		{F321BD0B-7A61-4CBA-860F-3645F910C9FF}.Release|Any CPU.Build.0 = Release|Any CPU
	EndGlobalSection
	GlobalSection(SolutionProperties) = preSolution
		HideSolutionNode = FALSE
	EndGlobalSection
	GlobalSection(ExtensibilityGlobals) = postSolution
		SolutionGuid = {52F6F5A9-BE5E-4B84-9F5D-0377AC3114D8}
	EndGlobalSection
EndGlobal
